
Microsoft Visual Studio Solution File, Format Version 12.00
# Visual Studio Version 16
VisualStudioVersion = 16.0.30503.244
MinimumVisualStudioVersion = 10.0.40219.1
Project("{FAE04EC0-301F-11D3-BF4B-00C04F79EFBC}") = "UserValidation", "UserValidation.csproj", "{7428D0F6-CC67-4364-BDAF-C46D49BB41DC}"
EndProject
Project("{FAE04EC0-301F-11D3-BF4B-00C04F79EFBC}") = "UserRegistrationTest", "..\UserRegistrationTest\UserRegistrationTest.csproj", "{8896FE09-AFC9-4FD4-8CA3-1C1760C242F8}"
EndProject
Global
	GlobalSection(SolutionConfigurationPlatforms) = preSolution
		Debug|Any CPU = Debug|Any CPU
		Release|Any CPU = Release|Any CPU
	EndGlobalSection
	GlobalSection(ProjectConfigurationPlatforms) = postSolution
		{7428D0F6-CC67-4364-BDAF-C46D49BB41DC}.Debug|Any CPU.ActiveCfg = Debug|Any CPU
		{7428D0F6-CC67-4364-BDAF-C46D49BB41DC}.Debug|Any CPU.Build.0 = Debug|Any CPU
		{7428D0F6-CC67-4364-BDAF-C46D49BB41DC}.Release|Any CPU.ActiveCfg = Release|Any CPU
		{7428D0F6-CC67-4364-BDAF-C46D49BB41DC}.Release|Any CPU.Build.0 = Release|Any CPU
		{8896FE09-AFC9-4FD4-8CA3-1C1760C242F8}.Debug|Any CPU.ActiveCfg = Debug|Any CPU
		{8896FE09-AFC9-4FD4-8CA3-1C1760C242F8}.Debug|Any CPU.Build.0 = Debug|Any CPU
		{8896FE09-AFC9-4FD4-8CA3-1C1760C242F8}.Release|Any CPU.ActiveCfg = Release|Any CPU
		{8896FE09-AFC9-4FD4-8CA3-1C1760C242F8}.Release|Any CPU.Build.0 = Release|Any CPU
	EndGlobalSection
	GlobalSection(SolutionProperties) = preSolution
		HideSolutionNode = FALSE
	EndGlobalSection
	GlobalSection(ExtensibilityGlobals) = postSolution
		SolutionGuid = {3B80FF29-4375-4C2C-83A4-86C23CF0F191}
	EndGlobalSection
EndGlobal
